
Microsoft Visual Studio Solution File, Format Version 12.00
# Visual Studio Version 16
VisualStudioVersion = 16.0.29306.81
MinimumVisualStudioVersion = 10.0.40219.1
Project("{FAE04EC0-301F-11D3-BF4B-00C04F79EFBC}") = "CSharpCarClient", "CSharpCarClient.csproj", "{5887B8B5-98F2-49B6-AA2C-8347D5CEE6C3}"
EndProject
Global
	GlobalSection(SolutionConfigurationPlatforms) = preSolution
		Debug|Any CPU = Debug|Any CPU
		Release|Any CPU = Release|Any CPU
	EndGlobalSection
	GlobalSection(ProjectConfigurationPlatforms) = postSolution
		{5887B8B5-98F2-49B6-AA2C-8347D5CEE6C3}.Debug|Any CPU.ActiveCfg = Debug|Any CPU
		{5887B8B5-98F2-49B6-AA2C-8347D5CEE6C3}.Debug|Any CPU.Build.0 = Debug|Any CPU
		{5887B8B5-98F2-49B6-AA2C-8347D5CEE6C3}.Release|Any CPU.ActiveCfg = Release|Any CPU
		{5887B8B5-98F2-49B6-AA2C-8347D5CEE6C3}.Release|Any CPU.Build.0 = Release|Any CPU
	EndGlobalSection
	GlobalSection(SolutionProperties) = preSolution
		HideSolutionNode = FALSE
	EndGlobalSection
	GlobalSection(ExtensibilityGlobals) = postSolution
		SolutionGuid = {79E7CBF8-7D13-4DF6-A0F7-A212540F33A1}
	EndGlobalSection
EndGlobal
